
Microsoft Visual Studio Solution File, Format Version 12.00
# Visual Studio Version 16
VisualStudioVersion = 16.0.29519.87
MinimumVisualStudioVersion = 10.0.40219.1
Project("{9A19103F-16F7-4668-BE54-9A1E7A4F7556}") = "BooksManagement.Api", "BooksManagement.Api\BooksManagement.Api.csproj", "{184068D7-8E71-474D-8414-7B985AB10BDC}"
EndProject
Project("{9A19103F-16F7-4668-BE54-9A1E7A4F7556}") = "BooksManagement.Domain", "BooksManagement.Domain\BooksManagement.Domain.csproj", "{8995BF9A-BA24-4539-9559-0CC7C5E3A354}"
EndProject
Project("{9A19103F-16F7-4668-BE54-9A1E7A4F7556}") = "BooksManagement.Infra.Data", "BooksManagement.Infra.Data\BooksManagement.Infra.Data.csproj", "{2DA44A99-63B2-4037-8BE6-9DD641A537E8}"
EndProject
Project("{9A19103F-16F7-4668-BE54-9A1E7A4F7556}") = "BooksManagement.Infra.CrossCutting", "BooksManagement.Infra.CrossCutting\BooksManagement.Infra.CrossCutting.csproj", "{38FE7708-2545-4A3D-9B87-5BA553091897}"
EndProject
Project("{9A19103F-16F7-4668-BE54-9A1E7A4F7556}") = "BooksManagement.App", "BooksManagement.App\BooksManagement.App.csproj", "{80496903-3B24-45DC-84DB-063733FB4E70}"
EndProject
Project("{9A19103F-16F7-4668-BE54-9A1E7A4F7556}") = "BooksManagement.Presentation", "BooksManagement.Presentation\BooksManagement.Presentation.csproj", "{EDA57306-E366-47CD-9FCD-0A13236B8EDF}"
EndProject
Project("{2150E333-8FDC-42A3-9474-1A3956D46DE8}") = "0-Application", "0-Application", "{90D07CF9-6B96-40CD-9F1F-7429D23B0003}"
EndProject
Project("{2150E333-8FDC-42A3-9474-1A3956D46DE8}") = "1-Core", "1-Core", "{22F33DF6-A2B8-4A90-A8DB-63E494A06D1B}"
EndProject
Project("{2150E333-8FDC-42A3-9474-1A3956D46DE8}") = "2-Infraestructure", "2-Infraestructure", "{B93A7A76-76F0-43E5-965F-2795A6390C28}"
EndProject
Global
	GlobalSection(SolutionConfigurationPlatforms) = preSolution
		Debug|Any CPU = Debug|Any CPU
		Release|Any CPU = Release|Any CPU
	EndGlobalSection
	GlobalSection(ProjectConfigurationPlatforms) = postSolution
		{184068D7-8E71-474D-8414-7B985AB10BDC}.Debug|Any CPU.ActiveCfg = Debug|Any CPU
		{184068D7-8E71-474D-8414-7B985AB10BDC}.Debug|Any CPU.Build.0 = Debug|Any CPU
		{184068D7-8E71-474D-8414-7B985AB10BDC}.Release|Any CPU.ActiveCfg = Release|Any CPU
		{184068D7-8E71-474D-8414-7B985AB10BDC}.Release|Any CPU.Build.0 = Release|Any CPU
		{8995BF9A-BA24-4539-9559-0CC7C5E3A354}.Debug|Any CPU.ActiveCfg = Debug|Any CPU
		{8995BF9A-BA24-4539-9559-0CC7C5E3A354}.Debug|Any CPU.Build.0 = Debug|Any CPU
		{8995BF9A-BA24-4539-9559-0CC7C5E3A354}.Release|Any CPU.ActiveCfg = Release|Any CPU
		{8995BF9A-BA24-4539-9559-0CC7C5E3A354}.Release|Any CPU.Build.0 = Release|Any CPU
		{2DA44A99-63B2-4037-8BE6-9DD641A537E8}.Debug|Any CPU.ActiveCfg = Debug|Any CPU
		{2DA44A99-63B2-4037-8BE6-9DD641A537E8}.Debug|Any CPU.Build.0 = Debug|Any CPU
		{2DA44A99-63B2-4037-8BE6-9DD641A537E8}.Release|Any CPU.ActiveCfg = Release|Any CPU
		{2DA44A99-63B2-4037-8BE6-9DD641A537E8}.Release|Any CPU.Build.0 = Release|Any CPU
		{38FE7708-2545-4A3D-9B87-5BA553091897}.Debug|Any CPU.ActiveCfg = Debug|Any CPU
		{38FE7708-2545-4A3D-9B87-5BA553091897}.Debug|Any CPU.Build.0 = Debug|Any CPU
		{38FE7708-2545-4A3D-9B87-5BA553091897}.Release|Any CPU.ActiveCfg = Release|Any CPU
		{38FE7708-2545-4A3D-9B87-5BA553091897}.Release|Any CPU.Build.0 = Release|Any CPU
		{80496903-3B24-45DC-84DB-063733FB4E70}.Debug|Any CPU.ActiveCfg = Debug|Any CPU
		{80496903-3B24-45DC-84DB-063733FB4E70}.Debug|Any CPU.Build.0 = Debug|Any CPU
		{80496903-3B24-45DC-84DB-063733FB4E70}.Release|Any CPU.ActiveCfg = Release|Any CPU
		{80496903-3B24-45DC-84DB-063733FB4E70}.Release|Any CPU.Build.0 = Release|Any CPU
		{EDA57306-E366-47CD-9FCD-0A13236B8EDF}.Debug|Any CPU.ActiveCfg = Debug|Any CPU
		{EDA57306-E366-47CD-9FCD-0A13236B8EDF}.Debug|Any CPU.Build.0 = Debug|Any CPU
		{EDA57306-E366-47CD-9FCD-0A13236B8EDF}.Release|Any CPU.ActiveCfg = Release|Any CPU
		{EDA57306-E366-47CD-9FCD-0A13236B8EDF}.Release|Any CPU.Build.0 = Release|Any CPU
	EndGlobalSection
	GlobalSection(SolutionProperties) = preSolution
		HideSolutionNode = FALSE
	EndGlobalSection
	GlobalSection(NestedProjects) = preSolution
		{184068D7-8E71-474D-8414-7B985AB10BDC} = {90D07CF9-6B96-40CD-9F1F-7429D23B0003}
		{8995BF9A-BA24-4539-9559-0CC7C5E3A354} = {22F33DF6-A2B8-4A90-A8DB-63E494A06D1B}
		{2DA44A99-63B2-4037-8BE6-9DD641A537E8} = {B93A7A76-76F0-43E5-965F-2795A6390C28}
		{38FE7708-2545-4A3D-9B87-5BA553091897} = {B93A7A76-76F0-43E5-965F-2795A6390C28}
		{80496903-3B24-45DC-84DB-063733FB4E70} = {90D07CF9-6B96-40CD-9F1F-7429D23B0003}
		{EDA57306-E366-47CD-9FCD-0A13236B8EDF} = {90D07CF9-6B96-40CD-9F1F-7429D23B0003}
	EndGlobalSection
	GlobalSection(ExtensibilityGlobals) = postSolution
		SolutionGuid = {3A91D719-DC69-43EE-AA14-C2D6377D282E}
	EndGlobalSection
EndGlobal
